
Microsoft Visual Studio Solution File, Format Version 12.00
# Visual Studio Version 17
VisualStudioVersion = 17.0.31919.166
MinimumVisualStudioVersion = 10.0.40219.1
Project("{FAE04EC0-301F-11D3-BF4B-00C04F79EFBC}") = "Lab09Task03", "Lab09Task03.csproj", "{F7777465-EEC3-4E12-9ACA-EC884BF87A0A}"
EndProject
Global
	GlobalSection(SolutionConfigurationPlatforms) = preSolution
		Debug|Any CPU = Debug|Any CPU
		Release|Any CPU = Release|Any CPU
	EndGlobalSection
	GlobalSection(ProjectConfigurationPlatforms) = postSolution
		{F7777465-EEC3-4E12-9ACA-EC884BF87A0A}.Debug|Any CPU.ActiveCfg = Debug|Any CPU
		{F7777465-EEC3-4E12-9ACA-EC884BF87A0A}.Debug|Any CPU.Build.0 = Debug|Any CPU
		{F7777465-EEC3-4E12-9ACA-EC884BF87A0A}.Release|Any CPU.ActiveCfg = Release|Any CPU
		{F7777465-EEC3-4E12-9ACA-EC884BF87A0A}.Release|Any CPU.Build.0 = Release|Any CPU
	EndGlobalSection
	GlobalSection(SolutionProperties) = preSolution
		HideSolutionNode = FALSE
	EndGlobalSection
	GlobalSection(ExtensibilityGlobals) = postSolution
		SolutionGuid = {CBEC064F-0AD9-4124-991B-6E6C8C649E56}
	EndGlobalSection
EndGlobal
