
Microsoft Visual Studio Solution File, Format Version 12.00
# Visual Studio Version 17
VisualStudioVersion = 17.0.31919.166
MinimumVisualStudioVersion = 10.0.40219.1
Project("{FAE04EC0-301F-11D3-BF4B-00C04F79EFBC}") = "Course Enrollment System", "Course Enrollment System.csproj", "{BF912451-5E49-4443-BAA7-B2970580954E}"
EndProject
Global
	GlobalSection(SolutionConfigurationPlatforms) = preSolution
		Debug|Any CPU = Debug|Any CPU
		Release|Any CPU = Release|Any CPU
	EndGlobalSection
	GlobalSection(ProjectConfigurationPlatforms) = postSolution
		{BF912451-5E49-4443-BAA7-B2970580954E}.Debug|Any CPU.ActiveCfg = Debug|Any CPU
		{BF912451-5E49-4443-BAA7-B2970580954E}.Debug|Any CPU.Build.0 = Debug|Any CPU
		{BF912451-5E49-4443-BAA7-B2970580954E}.Release|Any CPU.ActiveCfg = Release|Any CPU
		{BF912451-5E49-4443-BAA7-B2970580954E}.Release|Any CPU.Build.0 = Release|Any CPU
	EndGlobalSection
	GlobalSection(SolutionProperties) = preSolution
		HideSolutionNode = FALSE
	EndGlobalSection
	GlobalSection(ExtensibilityGlobals) = postSolution
		SolutionGuid = {5612201A-2736-449A-80F0-D1A1C0298DD3}
	EndGlobalSection
EndGlobal
