
Microsoft Visual Studio Solution File, Format Version 12.00
# Visual Studio Version 17
VisualStudioVersion = 17.0.31919.166
MinimumVisualStudioVersion = 10.0.40219.1
Project("{FAE04EC0-301F-11D3-BF4B-00C04F79EFBC}") = "Banking System", "Banking System.csproj", "{B096F1C4-FCD8-48FF-9F92-E6ABABF6EC01}"
EndProject
Global
	GlobalSection(SolutionConfigurationPlatforms) = preSolution
		Debug|Any CPU = Debug|Any CPU
		Release|Any CPU = Release|Any CPU
	EndGlobalSection
	GlobalSection(ProjectConfigurationPlatforms) = postSolution
		{B096F1C4-FCD8-48FF-9F92-E6ABABF6EC01}.Debug|Any CPU.ActiveCfg = Debug|Any CPU
		{B096F1C4-FCD8-48FF-9F92-E6ABABF6EC01}.Debug|Any CPU.Build.0 = Debug|Any CPU
		{B096F1C4-FCD8-48FF-9F92-E6ABABF6EC01}.Release|Any CPU.ActiveCfg = Release|Any CPU
		{B096F1C4-FCD8-48FF-9F92-E6ABABF6EC01}.Release|Any CPU.Build.0 = Release|Any CPU
	EndGlobalSection
	GlobalSection(SolutionProperties) = preSolution
		HideSolutionNode = FALSE
	EndGlobalSection
	GlobalSection(ExtensibilityGlobals) = postSolution
		SolutionGuid = {DB8CC13F-ED5C-43A3-8CBC-46119D008771}
	EndGlobalSection
EndGlobal
