
Microsoft Visual Studio Solution File, Format Version 12.00
# Visual Studio Version 17
VisualStudioVersion = 17.0.31919.166
MinimumVisualStudioVersion = 10.0.40219.1
Project("{FAE04EC0-301F-11D3-BF4B-00C04F79EFBC}") = "File Handling", "File Handling.csproj", "{D2E117AC-CBFE-4491-88F6-5933437F455C}"
EndProject
Global
	GlobalSection(SolutionConfigurationPlatforms) = preSolution
		Debug|Any CPU = Debug|Any CPU
		Release|Any CPU = Release|Any CPU
	EndGlobalSection
	GlobalSection(ProjectConfigurationPlatforms) = postSolution
		{D2E117AC-CBFE-4491-88F6-5933437F455C}.Debug|Any CPU.ActiveCfg = Debug|Any CPU
		{D2E117AC-CBFE-4491-88F6-5933437F455C}.Debug|Any CPU.Build.0 = Debug|Any CPU
		{D2E117AC-CBFE-4491-88F6-5933437F455C}.Release|Any CPU.ActiveCfg = Release|Any CPU
		{D2E117AC-CBFE-4491-88F6-5933437F455C}.Release|Any CPU.Build.0 = Release|Any CPU
	EndGlobalSection
	GlobalSection(SolutionProperties) = preSolution
		HideSolutionNode = FALSE
	EndGlobalSection
	GlobalSection(ExtensibilityGlobals) = postSolution
		SolutionGuid = {733092AA-EC70-4743-BE7E-0CCAA201F2EB}
	EndGlobalSection
EndGlobal
