
Microsoft Visual Studio Solution File, Format Version 12.00
# Visual Studio Version 17
VisualStudioVersion = 17.0.31919.166
MinimumVisualStudioVersion = 10.0.40219.1
Project("{FAE04EC0-301F-11D3-BF4B-00C04F79EFBC}") = "Lab09Task02", "Lab09Task02.csproj", "{F523936D-B148-4E9E-A61C-93EA80D22C73}"
EndProject
Global
	GlobalSection(SolutionConfigurationPlatforms) = preSolution
		Debug|Any CPU = Debug|Any CPU
		Release|Any CPU = Release|Any CPU
	EndGlobalSection
	GlobalSection(ProjectConfigurationPlatforms) = postSolution
		{F523936D-B148-4E9E-A61C-93EA80D22C73}.Debug|Any CPU.ActiveCfg = Debug|Any CPU
		{F523936D-B148-4E9E-A61C-93EA80D22C73}.Debug|Any CPU.Build.0 = Debug|Any CPU
		{F523936D-B148-4E9E-A61C-93EA80D22C73}.Release|Any CPU.ActiveCfg = Release|Any CPU
		{F523936D-B148-4E9E-A61C-93EA80D22C73}.Release|Any CPU.Build.0 = Release|Any CPU
	EndGlobalSection
	GlobalSection(SolutionProperties) = preSolution
		HideSolutionNode = FALSE
	EndGlobalSection
	GlobalSection(ExtensibilityGlobals) = postSolution
		SolutionGuid = {378A2D2E-6FF9-4182-B1FA-D6537FE1133D}
	EndGlobalSection
EndGlobal
